
Microsoft Visual Studio Solution File, Format Version 12.00
# Visual Studio 15
VisualStudioVersion = 15.0.28307.136
MinimumVisualStudioVersion = 10.0.40219.1
Project("{9A19103F-16F7-4668-BE54-9A1E7A4F7556}") = "fjj", "fjj\fjj.csproj", "{0E667298-032D-4512-A0E7-0ADEF73AA3AA}"
EndProject
Global
	GlobalSection(SolutionConfigurationPlatforms) = preSolution
		Debug|Any CPU = Debug|Any CPU
		Release|Any CPU = Release|Any CPU
	EndGlobalSection
	GlobalSection(ProjectConfigurationPlatforms) = postSolution
		{0E667298-032D-4512-A0E7-0ADEF73AA3AA}.Debug|Any CPU.ActiveCfg = Debug|Any CPU
		{0E667298-032D-4512-A0E7-0ADEF73AA3AA}.Debug|Any CPU.Build.0 = Debug|Any CPU
		{0E667298-032D-4512-A0E7-0ADEF73AA3AA}.Release|Any CPU.ActiveCfg = Release|Any CPU
		{0E667298-032D-4512-A0E7-0ADEF73AA3AA}.Release|Any CPU.Build.0 = Release|Any CPU
	EndGlobalSection
	GlobalSection(SolutionProperties) = preSolution
		HideSolutionNode = FALSE
	EndGlobalSection
	GlobalSection(ExtensibilityGlobals) = postSolution
		SolutionGuid = {C7116031-81BC-43A1-9F99-97054769876C}
	EndGlobalSection
EndGlobal
